# This file is autogenerated, do not edit; changes may be undone by the next 'dep ensure'.


[[projects]]
  name = "github.com/RoaringBitmap/roaring"
  packages = ["."]
  revision = "943a2da912da2faacc263c82956d40de0841f15d"

[[projects]]
  name = "github.com/anacrolix/dht"
  packages = [
    ".",
    "krpc"
  ]
  revision = "41eead1aad955d3ba5011a26cde91b571a150404"

[[projects]]
  name = "github.com/anacrolix/missinggo"
  packages = [
    ".",
    "bitmap",
    "container/xheap",
    "httptoo",
    "inproc",
    "iter",
    "orderedmap",
    "perf",
    "pproffd",
    "prioritybitmap",
    "pubsub",
    "resource",
    "slices"
  ]
  revision = "3a4acd64fabf7ff8b9d5baa5d31be19608178110"

[[projects]]
  name = "github.com/anacrolix/sync"
  packages = ["."]
  revision = "d29d95568d362a0008c1ffbaea39a3449ea67509"

[[projects]]
  name = "github.com/anacrolix/torrent"
  packages = [
    ".",
    "bencode",
    "iplist",
    "logonce",
    "metainfo",
    "mmap_span",
    "mse",
    "peer_protocol",
    "storage",
    "tracker",
    "util"
  ]
  revision = "a11df82349a83b042d0884045e4ef478679800ad"

[[projects]]
  name = "github.com/anacrolix/utp"
  packages = ["."]
  revision = "cb02a8a1ac94501fb8421531cd94d874360d35b1"

[[projects]]
  name = "github.com/boltdb/bolt"
  packages = ["."]
  revision = "a705895fdad108f053eae7ee011ed94a0541ee13"

[[projects]]
  branch = "master"
  name = "github.com/bradfitz/iter"
  packages = ["."]
  revision = "454541ec3da2a73fc34fd049b19ee5777bf19345"

[[projects]]
  name = "github.com/dustin/go-humanize"
  packages = ["."]
  revision = "7a41df006ff9af79a29f0ffa9c5f21fbe6314a2d"

[[projects]]
  name = "github.com/edsrzf/mmap-go"
  packages = ["."]
  revision = "935e0e8a636ca4ba70b713f3e38a19e1b77739e8"

[[projects]]
  name = "github.com/fatih/color"
  packages = ["."]
  revision = "34e4ee095d12986a2cef5ddb9aeb3b8cfcfea17c"
  version = "v1.2"

[[projects]]
  name = "github.com/glycerine/go-unsnap-stream"
  packages = ["."]
  revision = "87275cecd8e984c5875577d22da7ce8945df780e"

[[projects]]
  name = "github.com/golang/snappy"
  packages = ["."]
  revision = "d9eb7a3d35ec988b8585d4a0068e462c27d28380"

[[projects]]
  name = "github.com/google/btree"
  packages = ["."]
  revision = "316fb6d3f031ae8f4d457c6c5186b9e3ded70435"

[[projects]]
  name = "github.com/mattn/go-colorable"
  packages = ["."]
  revision = "d228849504861217f796da67fae4f6e347643f15"
  version = "v0.0.7"

[[projects]]
  name = "github.com/mattn/go-isatty"
  packages = ["."]
  revision = "30a891c33c7cde7b02a981314b4228ec99380cca"

[[projects]]
  name = "github.com/mattn/go-sqlite3"
  packages = ["."]
  revision = "eff6379ba09b2fca7aa8216f2132d4c170ed9d46"

[[projects]]
  branch = "master"
  name = "github.com/mschoch/smat"
  packages = ["."]
  revision = "90eadee771aeab36e8bf796039b8c261bebebe4f"

[[projects]]
  branch = "master"
  name = "github.com/petar/GoLLRB"
  packages = ["llrb"]
  revision = "53be0d36a84c2a886ca057d34b6aa4468df9ccb4"

[[projects]]
  name = "github.com/philhofer/fwd"
  packages = ["."]
  revision = "98c11a7a6ec829d672b03833c3d69a7fae1ca972"

[[projects]]
  branch = "master"
  name = "github.com/ryszard/goskiplist"
  packages = ["skiplist"]
  revision = "2dfbae5fcf46374f166f8969cb07e167f1be6273"

[[projects]]
  name = "github.com/spaolacci/murmur3"
  packages = ["."]
  revision = "0d12bf811670bf6a1a63828dfbd003eded177fce"
  version = "v1.0"

[[projects]]
  name = "github.com/tinylib/msgp"
  packages = ["msgp"]
  revision = "362bfb3384d53ae4d5dd745983a4d70b6d23628c"

[[projects]]
  name = "github.com/tylertreat/BoomFilters"
  packages = ["."]
  revision = "6cd71b875c8a3852dc50277e5e9bcf9473a8ad66"

[[projects]]
  name = "github.com/willf/bitset"
  packages = ["."]
  revision = "5c3c0fce48842b2c0bbaa99b4e61b0175d84b47c"

[[projects]]
  name = "github.com/willf/bloom"
  packages = ["."]
  revision = "278d7d8b14584245fe9f826a30e48d4301bd6fd9"

[[projects]]
  name = "golang.org/x/net"
  packages = ["context"]
  revision = "f2499483f923065a842d38eb4c7f1927e6fc6e6d"

[[projects]]
  name = "golang.org/x/sys"
  packages = ["unix"]
  revision = "d75a52659825e75fff6158388dddc6a5b04f9ba5"

[[projects]]
  name = "golang.org/x/time"
  packages = ["rate"]
  revision = "f51c12702a4d776e4c1fa9b0fabab841babae631"

[solve-meta]
  analyzer-name = "dep"
  analyzer-version = 1
  inputs-digest = "a961447ed5ee02c3b7ccbfeea8d73c7d7ec09670d8907739b6dd9aaff9039aaa"
  solver-name = "gps-cdcl"
  solver-version = 1
